
Microsoft Visual Studio Solution File, Format Version 12.00
Project("{FAE04EC0-301F-11D3-BF4B-00C04F79EFBC}") = "BookManagement.Api", "BookManagement.Api\BookManagement.Api.csproj", "{89678942-4305-4BFE-8673-64102DF2A950}"
EndProject
Project("{FAE04EC0-301F-11D3-BF4B-00C04F79EFBC}") = "BookManagement.Core", "BookManagement.Core\BookManagement.Core.csproj", "{C2E045AE-C6F3-4B3C-A04B-70774B5D25BE}"
EndProject
Project("{FAE04EC0-301F-11D3-BF4B-00C04F79EFBC}") = "BookManagement.Infrastructure", "BookManagement.Infrastructure\BookManagement.Infrastructure.csproj", "{1E4AF850-2DC9-472F-A729-E72AFE1721C1}"
EndProject
Project("{FAE04EC0-301F-11D3-BF4B-00C04F79EFBC}") = "BookManagement.Services", "BookManagement.Services\BookManagement.Services.csproj", "{266DAAA7-29B3-4F7E-8896-79A208F9629A}"
EndProject
Global
	GlobalSection(SolutionConfigurationPlatforms) = preSolution
		Debug|Any CPU = Debug|Any CPU
		Release|Any CPU = Release|Any CPU
	EndGlobalSection
	GlobalSection(ProjectConfigurationPlatforms) = postSolution
		{89678942-4305-4BFE-8673-64102DF2A950}.Debug|Any CPU.ActiveCfg = Debug|Any CPU
		{89678942-4305-4BFE-8673-64102DF2A950}.Debug|Any CPU.Build.0 = Debug|Any CPU
		{89678942-4305-4BFE-8673-64102DF2A950}.Release|Any CPU.ActiveCfg = Release|Any CPU
		{89678942-4305-4BFE-8673-64102DF2A950}.Release|Any CPU.Build.0 = Release|Any CPU
		{C2E045AE-C6F3-4B3C-A04B-70774B5D25BE}.Debug|Any CPU.ActiveCfg = Debug|Any CPU
		{C2E045AE-C6F3-4B3C-A04B-70774B5D25BE}.Debug|Any CPU.Build.0 = Debug|Any CPU
		{C2E045AE-C6F3-4B3C-A04B-70774B5D25BE}.Release|Any CPU.ActiveCfg = Release|Any CPU
		{C2E045AE-C6F3-4B3C-A04B-70774B5D25BE}.Release|Any CPU.Build.0 = Release|Any CPU
		{1E4AF850-2DC9-472F-A729-E72AFE1721C1}.Debug|Any CPU.ActiveCfg = Debug|Any CPU
		{1E4AF850-2DC9-472F-A729-E72AFE1721C1}.Debug|Any CPU.Build.0 = Debug|Any CPU
		{1E4AF850-2DC9-472F-A729-E72AFE1721C1}.Release|Any CPU.ActiveCfg = Release|Any CPU
		{1E4AF850-2DC9-472F-A729-E72AFE1721C1}.Release|Any CPU.Build.0 = Release|Any CPU
		{266DAAA7-29B3-4F7E-8896-79A208F9629A}.Debug|Any CPU.ActiveCfg = Debug|Any CPU
		{266DAAA7-29B3-4F7E-8896-79A208F9629A}.Debug|Any CPU.Build.0 = Debug|Any CPU
		{266DAAA7-29B3-4F7E-8896-79A208F9629A}.Release|Any CPU.ActiveCfg = Release|Any CPU
		{266DAAA7-29B3-4F7E-8896-79A208F9629A}.Release|Any CPU.Build.0 = Release|Any CPU
	EndGlobalSection
EndGlobal
